
Microsoft Visual Studio Solution File, Format Version 12.00
# Visual Studio 2012
Project("{8BC9CEB8-8B4A-11D0-8D11-00A0C91BC942}") = "Project1", "Project1\Project1.vcxproj", "{5E13EBAA-08CF-464A-BD29-4C7F465054CC}"
EndProject
Global
	GlobalSection(SolutionConfigurationPlatforms) = preSolution
		Debug|Win32 = Debug|Win32
		Release|Win32 = Release|Win32
	EndGlobalSection
	GlobalSection(ProjectConfigurationPlatforms) = postSolution
		{5E13EBAA-08CF-464A-BD29-4C7F465054CC}.Debug|Win32.ActiveCfg = Debug|Win32
		{5E13EBAA-08CF-464A-BD29-4C7F465054CC}.Debug|Win32.Build.0 = Debug|Win32
		{5E13EBAA-08CF-464A-BD29-4C7F465054CC}.Release|Win32.ActiveCfg = Release|Win32
		{5E13EBAA-08CF-464A-BD29-4C7F465054CC}.Release|Win32.Build.0 = Release|Win32
	EndGlobalSection
	GlobalSection(SolutionProperties) = preSolution
		HideSolutionNode = FALSE
	EndGlobalSection
EndGlobal
